
Microsoft Visual Studio Solution File, Format Version 12.00
# Visual Studio Version 17
VisualStudioVersion = 17.0.31903.59
MinimumVisualStudioVersion = 10.0.40219.1
Project("{FAE04EC0-301F-11D3-BF4B-00C04F79EFBC}") = "GalaxusIntegration.Api", "GalaxusIntegration.Api\GalaxusIntegration.Api.csproj", "{5385ACE3-2C3E-4B84-AD56-ADDC7F1B428F}"
EndProject
Project("{FAE04EC0-301F-11D3-BF4B-00C04F79EFBC}") = "GalaxusIntegration.Core", "GalaxusIntegration.Core\GalaxusIntegration.Core.csproj", "{76304CBB-3487-43CF-9919-0EE6334B9D91}"
EndProject
Project("{FAE04EC0-301F-11D3-BF4B-00C04F79EFBC}") = "GalaxusIntegration.Application", "GalaxusIntegration.Application\GalaxusIntegration.Application.csproj", "{6AD93DE4-9591-40D7-A9D9-0EEB4CE0978E}"
EndProject
Project("{FAE04EC0-301F-11D3-BF4B-00C04F79EFBC}") = "GalaxusIntegration.Infrastructure", "GalaxusIntegration.Infrastructure\GalaxusIntegration.Infrastructure.csproj", "{ADA8F36E-0199-4F01-AC0A-3C6BE59FAF4B}"
EndProject
Project("{FAE04EC0-301F-11D3-BF4B-00C04F79EFBC}") = "GalaxusIntegration.Tests", "GalaxusIntegration.Tests\GalaxusIntegration.Tests.csproj", "{D2007C2A-B664-4D46-8206-970854FBBA9F}"
EndProject
Global
	GlobalSection(SolutionConfigurationPlatforms) = preSolution
		Debug|Any CPU = Debug|Any CPU
		Debug|x64 = Debug|x64
		Debug|x86 = Debug|x86
		Release|Any CPU = Release|Any CPU
		Release|x64 = Release|x64
		Release|x86 = Release|x86
	EndGlobalSection
	GlobalSection(ProjectConfigurationPlatforms) = postSolution
		{5385ACE3-2C3E-4B84-AD56-ADDC7F1B428F}.Debug|Any CPU.ActiveCfg = Debug|Any CPU
		{5385ACE3-2C3E-4B84-AD56-ADDC7F1B428F}.Debug|Any CPU.Build.0 = Debug|Any CPU
		{5385ACE3-2C3E-4B84-AD56-ADDC7F1B428F}.Debug|x64.ActiveCfg = Debug|Any CPU
		{5385ACE3-2C3E-4B84-AD56-ADDC7F1B428F}.Debug|x64.Build.0 = Debug|Any CPU
		{5385ACE3-2C3E-4B84-AD56-ADDC7F1B428F}.Debug|x86.ActiveCfg = Debug|Any CPU
		{5385ACE3-2C3E-4B84-AD56-ADDC7F1B428F}.Debug|x86.Build.0 = Debug|Any CPU
		{5385ACE3-2C3E-4B84-AD56-ADDC7F1B428F}.Release|Any CPU.ActiveCfg = Release|Any CPU
		{5385ACE3-2C3E-4B84-AD56-ADDC7F1B428F}.Release|Any CPU.Build.0 = Release|Any CPU
		{5385ACE3-2C3E-4B84-AD56-ADDC7F1B428F}.Release|x64.ActiveCfg = Release|Any CPU
		{5385ACE3-2C3E-4B84-AD56-ADDC7F1B428F}.Release|x64.Build.0 = Release|Any CPU
		{5385ACE3-2C3E-4B84-AD56-ADDC7F1B428F}.Release|x86.ActiveCfg = Release|Any CPU
		{5385ACE3-2C3E-4B84-AD56-ADDC7F1B428F}.Release|x86.Build.0 = Release|Any CPU
		{76304CBB-3487-43CF-9919-0EE6334B9D91}.Debug|Any CPU.ActiveCfg = Debug|Any CPU
		{76304CBB-3487-43CF-9919-0EE6334B9D91}.Debug|Any CPU.Build.0 = Debug|Any CPU
		{76304CBB-3487-43CF-9919-0EE6334B9D91}.Debug|x64.ActiveCfg = Debug|Any CPU
		{76304CBB-3487-43CF-9919-0EE6334B9D91}.Debug|x64.Build.0 = Debug|Any CPU
		{76304CBB-3487-43CF-9919-0EE6334B9D91}.Debug|x86.ActiveCfg = Debug|Any CPU
		{76304CBB-3487-43CF-9919-0EE6334B9D91}.Debug|x86.Build.0 = Debug|Any CPU
		{76304CBB-3487-43CF-9919-0EE6334B9D91}.Release|Any CPU.ActiveCfg = Release|Any CPU
		{76304CBB-3487-43CF-9919-0EE6334B9D91}.Release|Any CPU.Build.0 = Release|Any CPU
		{76304CBB-3487-43CF-9919-0EE6334B9D91}.Release|x64.ActiveCfg = Release|Any CPU
		{76304CBB-3487-43CF-9919-0EE6334B9D91}.Release|x64.Build.0 = Release|Any CPU
		{76304CBB-3487-43CF-9919-0EE6334B9D91}.Release|x86.ActiveCfg = Release|Any CPU
		{76304CBB-3487-43CF-9919-0EE6334B9D91}.Release|x86.Build.0 = Release|Any CPU
		{6AD93DE4-9591-40D7-A9D9-0EEB4CE0978E}.Debug|Any CPU.ActiveCfg = Debug|Any CPU
		{6AD93DE4-9591-40D7-A9D9-0EEB4CE0978E}.Debug|Any CPU.Build.0 = Debug|Any CPU
		{6AD93DE4-9591-40D7-A9D9-0EEB4CE0978E}.Debug|x64.ActiveCfg = Debug|Any CPU
		{6AD93DE4-9591-40D7-A9D9-0EEB4CE0978E}.Debug|x64.Build.0 = Debug|Any CPU
		{6AD93DE4-9591-40D7-A9D9-0EEB4CE0978E}.Debug|x86.ActiveCfg = Debug|Any CPU
		{6AD93DE4-9591-40D7-A9D9-0EEB4CE0978E}.Debug|x86.Build.0 = Debug|Any CPU
		{6AD93DE4-9591-40D7-A9D9-0EEB4CE0978E}.Release|Any CPU.ActiveCfg = Release|Any CPU
		{6AD93DE4-9591-40D7-A9D9-0EEB4CE0978E}.Release|Any CPU.Build.0 = Release|Any CPU
		{6AD93DE4-9591-40D7-A9D9-0EEB4CE0978E}.Release|x64.ActiveCfg = Release|Any CPU
		{6AD93DE4-9591-40D7-A9D9-0EEB4CE0978E}.Release|x64.Build.0 = Release|Any CPU
		{6AD93DE4-9591-40D7-A9D9-0EEB4CE0978E}.Release|x86.ActiveCfg = Release|Any CPU
		{6AD93DE4-9591-40D7-A9D9-0EEB4CE0978E}.Release|x86.Build.0 = Release|Any CPU
		{ADA8F36E-0199-4F01-AC0A-3C6BE59FAF4B}.Debug|Any CPU.ActiveCfg = Debug|Any CPU
		{ADA8F36E-0199-4F01-AC0A-3C6BE59FAF4B}.Debug|Any CPU.Build.0 = Debug|Any CPU
		{ADA8F36E-0199-4F01-AC0A-3C6BE59FAF4B}.Debug|x64.ActiveCfg = Debug|Any CPU
		{ADA8F36E-0199-4F01-AC0A-3C6BE59FAF4B}.Debug|x64.Build.0 = Debug|Any CPU
		{ADA8F36E-0199-4F01-AC0A-3C6BE59FAF4B}.Debug|x86.ActiveCfg = Debug|Any CPU
		{ADA8F36E-0199-4F01-AC0A-3C6BE59FAF4B}.Debug|x86.Build.0 = Debug|Any CPU
		{ADA8F36E-0199-4F01-AC0A-3C6BE59FAF4B}.Release|Any CPU.ActiveCfg = Release|Any CPU
		{ADA8F36E-0199-4F01-AC0A-3C6BE59FAF4B}.Release|Any CPU.Build.0 = Release|Any CPU
		{ADA8F36E-0199-4F01-AC0A-3C6BE59FAF4B}.Release|x64.ActiveCfg = Release|Any CPU
		{ADA8F36E-0199-4F01-AC0A-3C6BE59FAF4B}.Release|x64.Build.0 = Release|Any CPU
		{ADA8F36E-0199-4F01-AC0A-3C6BE59FAF4B}.Release|x86.ActiveCfg = Release|Any CPU
		{ADA8F36E-0199-4F01-AC0A-3C6BE59FAF4B}.Release|x86.Build.0 = Release|Any CPU
		{D2007C2A-B664-4D46-8206-970854FBBA9F}.Debug|Any CPU.ActiveCfg = Debug|Any CPU
		{D2007C2A-B664-4D46-8206-970854FBBA9F}.Debug|Any CPU.Build.0 = Debug|Any CPU
		{D2007C2A-B664-4D46-8206-970854FBBA9F}.Debug|x64.ActiveCfg = Debug|Any CPU
		{D2007C2A-B664-4D46-8206-970854FBBA9F}.Debug|x64.Build.0 = Debug|Any CPU
		{D2007C2A-B664-4D46-8206-970854FBBA9F}.Debug|x86.ActiveCfg = Debug|Any CPU
		{D2007C2A-B664-4D46-8206-970854FBBA9F}.Debug|x86.Build.0 = Debug|Any CPU
		{D2007C2A-B664-4D46-8206-970854FBBA9F}.Release|Any CPU.ActiveCfg = Release|Any CPU
		{D2007C2A-B664-4D46-8206-970854FBBA9F}.Release|Any CPU.Build.0 = Release|Any CPU
		{D2007C2A-B664-4D46-8206-970854FBBA9F}.Release|x64.ActiveCfg = Release|Any CPU
		{D2007C2A-B664-4D46-8206-970854FBBA9F}.Release|x64.Build.0 = Release|Any CPU
		{D2007C2A-B664-4D46-8206-970854FBBA9F}.Release|x86.ActiveCfg = Release|Any CPU
		{D2007C2A-B664-4D46-8206-970854FBBA9F}.Release|x86.Build.0 = Release|Any CPU
	EndGlobalSection
	GlobalSection(SolutionProperties) = preSolution
		HideSolutionNode = FALSE
	EndGlobalSection
EndGlobal
